// !$*UTF8*$!
{
	archiveVersion = 1;
	classes = {
	};
	objectVersion = 56;
	objects = {

/* Begin PBXBuildFile section */
		0B5C9ACB2ACC682A00C51889 /* Color_Game__iGOATs_App.swift in Sources */ = {isa = PBXBuildFile; fileRef = 0B5C9ACA2ACC682A00C51889 /* Color_Game__iGOATs_App.swift */; };
		0B5C9ACD2ACC682A00C51889 /* SettingsView.swift in Sources */ = {isa = PBXBuildFile; fileRef = 0B5C9ACC2ACC682A00C51889 /* SettingsView.swift */; };
		0B5C9ACF2ACC682B00C51889 /* Assets.xcassets in Resources */ = {isa = PBXBuildFile; fileRef = 0B5C9ACE2ACC682B00C51889 /* Assets.xcassets */; };
		0B5C9AD22ACC682B00C51889 /* Preview Assets.xcassets in Resources */ = {isa = PBXBuildFile; fileRef = 0B5C9AD12ACC682B00C51889 /* Preview Assets.xcassets */; };
		0BD284772ADA689E006CCD5E /* AboutProgramView.swift in Sources */ = {isa = PBXBuildFile; fileRef = 0BD284762ADA689E006CCD5E /* AboutProgramView.swift */; };
		0BD284792ADA68BA006CCD5E /* ProfileView.swift in Sources */ = {isa = PBXBuildFile; fileRef = 0BD284782ADA68BA006CCD5E /* ProfileView.swift */; };
		0BE8C2772ADD1C3B005D0F5A /* TabBarView.swift in Sources */ = {isa = PBXBuildFile; fileRef = 0BE8C2762ADD1C3B005D0F5A /* TabBarView.swift */; };
		0BE8C27B2ADD2873005D0F5A /* CustomUI.swift in Sources */ = {isa = PBXBuildFile; fileRef = 0BE8C27A2ADD2873005D0F5A /* CustomUI.swift */; };
/* End PBXBuildFile section */

/* Begin PBXFileReference section */
		0B5C9AC72ACC682A00C51889 /* Color Game (iGOATs).app */ = {isa = PBXFileReference; explicitFileType = wrapper.application; includeInIndex = 0; path = "Color Game (iGOATs).app"; sourceTree = BUILT_PRODUCTS_DIR; };
		0B5C9ACA2ACC682A00C51889 /* Color_Game__iGOATs_App.swift */ = {isa = PBXFileReference; lastKnownFileType = sourcecode.swift; path = Color_Game__iGOATs_App.swift; sourceTree = "<group>"; };
		0B5C9ACC2ACC682A00C51889 /* SettingsView.swift */ = {isa = PBXFileReference; lastKnownFileType = sourcecode.swift; path = SettingsView.swift; sourceTree = "<group>"; };
		0B5C9ACE2ACC682B00C51889 /* Assets.xcassets */ = {isa = PBXFileReference; lastKnownFileType = folder.assetcatalog; path = Assets.xcassets; sourceTree = "<group>"; };
		0B5C9AD12ACC682B00C51889 /* Preview Assets.xcassets */ = {isa = PBXFileReference; lastKnownFileType = folder.assetcatalog; path = "Preview Assets.xcassets"; sourceTree = "<group>"; };
		0BD284762ADA689E006CCD5E /* AboutProgramView.swift */ = {isa = PBXFileReference; lastKnownFileType = sourcecode.swift; path = AboutProgramView.swift; sourceTree = "<group>"; };
		0BD284782ADA68BA006CCD5E /* ProfileView.swift */ = {isa = PBXFileReference; lastKnownFileType = sourcecode.swift; path = ProfileView.swift; sourceTree = "<group>"; };
		0BE8C2762ADD1C3B005D0F5A /* TabBarView.swift */ = {isa = PBXFileReference; lastKnownFileType = sourcecode.swift; path = TabBarView.swift; sourceTree = "<group>"; };
		0BE8C27A2ADD2873005D0F5A /* CustomUI.swift */ = {isa = PBXFileReference; lastKnownFileType = sourcecode.swift; path = CustomUI.swift; sourceTree = "<group>"; };
/* End PBXFileReference section */

/* Begin PBXFrameworksBuildPhase section */
		0B5C9AC42ACC682A00C51889 /* Frameworks */ = {
			isa = PBXFrameworksBuildPhase;
			buildActionMask = 2147483647;
			files = (
			);
			runOnlyForDeploymentPostprocessing = 0;
		};
/* End PBXFrameworksBuildPhase section */

/* Begin PBXGroup section */
		0B5C9ABE2ACC682A00C51889 = {
			isa = PBXGroup;
			children = (
				0B5C9AC92ACC682A00C51889 /* Color Game (iGOATs) */,
				0B5C9AC82ACC682A00C51889 /* Products */,
			);
			sourceTree = "<group>";
		};
		0B5C9AC82ACC682A00C51889 /* Products */ = {
			isa = PBXGroup;
			children = (
				0B5C9AC72ACC682A00C51889 /* Color Game (iGOATs).app */,
			);
			name = Products;
			sourceTree = "<group>";
		};
		0B5C9AC92ACC682A00C51889 /* Color Game (iGOATs) */ = {
			isa = PBXGroup;
			children = (
				0B5C9ACA2ACC682A00C51889 /* Color_Game__iGOATs_App.swift */,
				0B5C9ACC2ACC682A00C51889 /* SettingsView.swift */,
				0B5C9ACE2ACC682B00C51889 /* Assets.xcassets */,
				0BD284762ADA689E006CCD5E /* AboutProgramView.swift */,
				0BD284782ADA68BA006CCD5E /* ProfileView.swift */,
				0BE8C2762ADD1C3B005D0F5A /* TabBarView.swift */,
				0BE8C27A2ADD2873005D0F5A /* CustomUI.swift */,
				0B5C9AD02ACC682B00C51889 /* Preview Content */,
			);
			path = "Color Game (iGOATs)";
			sourceTree = "<group>";
		};
		0B5C9AD02ACC682B00C51889 /* Preview Content */ = {
			isa = PBXGroup;
			children = (
				0B5C9AD12ACC682B00C51889 /* Preview Assets.xcassets */,
			);
			path = "Preview Content";
			sourceTree = "<group>";
		};
/* End PBXGroup section */

/* Begin PBXNativeTarget section */
		0B5C9AC62ACC682A00C51889 /* Color Game (iGOATs) */ = {
			isa = PBXNativeTarget;
			buildConfigurationList = 0B5C9AD52ACC682B00C51889 /* Build configuration list for PBXNativeTarget "Color Game (iGOATs)" */;
			buildPhases = (
				0B5C9AC32ACC682A00C51889 /* Sources */,
				0B5C9AC42ACC682A00C51889 /* Frameworks */,
				0B5C9AC52ACC682A00C51889 /* Resources */,
			);
			buildRules = (
			);
			dependencies = (
			);
			name = "Color Game (iGOATs)";
			productName = "Color Game (iGOATs)";
			productReference = 0B5C9AC72ACC682A00C51889 /* Color Game (iGOATs).app */;
			productType = "com.apple.product-type.application";
		};
/* End PBXNativeTarget section */

/* Begin PBXProject section */
		0B5C9ABF2ACC682A00C51889 /* Project object */ = {
			isa = PBXProject;
			attributes = {
				BuildIndependentTargetsInParallel = 1;
				LastSwiftUpdateCheck = 1430;
				LastUpgradeCheck = 1430;
				TargetAttributes = {
					0B5C9AC62ACC682A00C51889 = {
						CreatedOnToolsVersion = 14.3;
					};
				};
			};
			buildConfigurationList = 0B5C9AC22ACC682A00C51889 /* Build configuration list for PBXProject "Color Game (iGOATs)" */;
			compatibilityVersion = "Xcode 14.0";
			developmentRegion = en;
			hasScannedForEncodings = 0;
			knownRegions = (
				en,
				Base,
			);
			mainGroup = 0B5C9ABE2ACC682A00C51889;
			productRefGroup = 0B5C9AC82ACC682A00C51889 /* Products */;
			projectDirPath = "";
			projectRoot = "";
			targets = (
				0B5C9AC62ACC682A00C51889 /* Color Game (iGOATs) */,
			);
		};
/* End PBXProject section */

/* Begin PBXResourcesBuildPhase section */
		0B5C9AC52ACC682A00C51889 /* Resources */ = {
			isa = PBXResourcesBuildPhase;
			buildActionMask = 2147483647;
			files = (
				0B5C9AD22ACC682B00C51889 /* Preview Assets.xcassets in Resources */,
				0B5C9ACF2ACC682B00C51889 /* Assets.xcassets in Resources */,
			);
			runOnlyForDeploymentPostprocessing = 0;
		};
/* End PBXResourcesBuildPhase section */

/* Begin PBXSourcesBuildPhase section */
		0B5C9AC32ACC682A00C51889 /* Sources */ = {
			isa = PBXSourcesBuildPhase;
			buildActionMask = 2147483647;
			files = (
				0BE8C2772ADD1C3B005D0F5A /* TabBarView.swift in Sources */,
				0BD284772ADA689E006CCD5E /* AboutProgramView.swift in Sources */,
				0BD284792ADA68BA006CCD5E /* ProfileView.swift in Sources */,
				0B5C9ACD2ACC682A00C51889 /* SettingsView.swift in Sources */,
				0BE8C27B2ADD2873005D0F5A /* CustomUI.swift in Sources */,
				0B5C9ACB2ACC682A00C51889 /* Color_Game__iGOATs_App.swift in Sources */,
			);
			runOnlyForDeploymentPostprocessing = 0;
		};
/* End PBXSourcesBuildPhase section */

/* Begin XCBuildConfiguration section */
		0B5C9AD32ACC682B00C51889 /* Debug */ = {
			isa = XCBuildConfiguration;
			buildSettings = {
				ALWAYS_SEARCH_USER_PATHS = NO;
				CLANG_ANALYZER_NONNULL = YES;
				CLANG_ANALYZER_NUMBER_OBJECT_CONVERSION = YES_AGGRESSIVE;
				CLANG_CXX_LANGUAGE_STANDARD = "gnu++20";
				CLANG_ENABLE_MODULES = YES;
				CLANG_ENABLE_OBJC_ARC = YES;
				CLANG_ENABLE_OBJC_WEAK = YES;
				CLANG_WARN_BLOCK_CAPTURE_AUTORELEASING = YES;
				CLANG_WARN_BOOL_CONVERSION = YES;
				CLANG_WARN_COMMA = YES;
				CLANG_WARN_CONSTANT_CONVERSION = YES;
				CLANG_WARN_DEPRECATED_OBJC_IMPLEMENTATIONS = YES;
				CLANG_WARN_DIRECT_OBJC_ISA_USAGE = YES_ERROR;
				CLANG_WARN_DOCUMENTATION_COMMENTS = YES;
				CLANG_WARN_EMPTY_BODY = YES;
				CLANG_WARN_ENUM_CONVERSION = YES;
				CLANG_WARN_INFINITE_RECURSION = YES;
				CLANG_WARN_INT_CONVERSION = YES;
				CLANG_WARN_NON_LITERAL_NULL_CONVERSION = YES;
				CLANG_WARN_OBJC_IMPLICIT_RETAIN_SELF = YES;
				CLANG_WARN_OBJC_LITERAL_CONVERSION = YES;
				CLANG_WARN_OBJC_ROOT_CLASS = YES_ERROR;
				CLANG_WARN_QUOTED_INCLUDE_IN_FRAMEWORK_HEADER = YES;
				CLANG_WARN_RANGE_LOOP_ANALYSIS = YES;
				CLANG_WARN_STRICT_PROTOTYPES = YES;
				CLANG_WARN_SUSPICIOUS_MOVE = YES;
				CLANG_WARN_UNGUARDED_AVAILABILITY = YES_AGGRESSIVE;
				CLANG_WARN_UNREACHABLE_CODE = YES;
				CLANG_WARN__DUPLICATE_METHOD_MATCH = YES;
				COPY_PHASE_STRIP = NO;
				DEBUG_INFORMATION_FORMAT = dwarf;
				ENABLE_STRICT_OBJC_MSGSEND = YES;
				ENABLE_TESTABILITY = YES;
				GCC_C_LANGUAGE_STANDARD = gnu11;
				GCC_DYNAMIC_NO_PIC = NO;
				GCC_NO_COMMON_BLOCKS = YES;
				GCC_OPTIMIZATION_LEVEL = 0;
				GCC_PREPROCESSOR_DEFINITIONS = (
					"DEBUG=1",
					"$(inherited)",
				);
				GCC_WARN_64_TO_32_BIT_CONVERSION = YES;
				GCC_WARN_ABOUT_RETURN_TYPE = YES_ERROR;
				GCC_WARN_UNDECLARED_SELECTOR = YES;
				GCC_WARN_UNINITIALIZED_AUTOS = YES_AGGRESSIVE;
				GCC_WARN_UNUSED_FUNCTION = YES;
				GCC_WARN_UNUSED_VARIABLE = YES;
				IPHONEOS_DEPLOYMENT_TARGET = 16.4;
				MTL_ENABLE_DEBUG_INFO = INCLUDE_SOURCE;
				MTL_FAST_MATH = YES;
				ONLY_ACTIVE_ARCH = YES;
				SDKROOT = iphoneos;
				SWIFT_ACTIVE_COMPILATION_CONDITIONS = DEBUG;
				SWIFT_OPTIMIZATION_LEVEL = "-Onone";
			};
			name = Debug;
		};
		0B5C9AD42ACC682B00C51889 /* Release */ = {
			isa = XCBuildConfiguration;
			buildSettings = {
				ALWAYS_SEARCH_USER_PATHS = NO;
				CLANG_ANALYZER_NONNULL = YES;
				CLANG_ANALYZER_NUMBER_OBJECT_CONVERSION = YES_AGGRESSIVE;
				CLANG_CXX_LANGUAGE_STANDARD = "gnu++20";
				CLANG_ENABLE_MODULES = YES;
				CLANG_ENABLE_OBJC_ARC = YES;
				CLANG_ENABLE_OBJC_WEAK = YES;
				CLANG_WARN_BLOCK_CAPTURE_AUTORELEASING = YES;
				CLANG_WARN_BOOL_CONVERSION = YES;
				CLANG_WARN_COMMA = YES;
				CLANG_WARN_CONSTANT_CONVERSION = YES;
				CLANG_WARN_DEPRECATED_OBJC_IMPLEMENTATIONS = YES;
				CLANG_WARN_DIRECT_OBJC_ISA_USAGE = YES_ERROR;
				CLANG_WARN_DOCUMENTATION_COMMENTS = YES;
				CLANG_WARN_EMPTY_BODY = YES;
				CLANG_WARN_ENUM_CONVERSION = YES;
				CLANG_WARN_INFINITE_RECURSION = YES;
				CLANG_WARN_INT_CONVERSION = YES;
				CLANG_WARN_NON_LITERAL_NULL_CONVERSION = YES;
				CLANG_WARN_OBJC_IMPLICIT_RETAIN_SELF = YES;
				CLANG_WARN_OBJC_LITERAL_CONVERSION = YES;
				CLANG_WARN_OBJC_ROOT_CLASS = YES_ERROR;
				CLANG_WARN_QUOTED_INCLUDE_IN_FRAMEWORK_HEADER = YES;
				CLANG_WARN_RANGE_LOOP_ANALYSIS = YES;
				CLANG_WARN_STRICT_PROTOTYPES = YES;
				CLANG_WARN_SUSPICIOUS_MOVE = YES;
				CLANG_WARN_UNGUARDED_AVAILABILITY = YES_AGGRESSIVE;
				CLANG_WARN_UNREACHABLE_CODE = YES;
				CLANG_WARN__DUPLICATE_METHOD_MATCH = YES;
				COPY_PHASE_STRIP = NO;
				DEBUG_INFORMATION_FORMAT = "dwarf-with-dsym";
				ENABLE_NS_ASSERTIONS = NO;
				ENABLE_STRICT_OBJC_MSGSEND = YES;
				GCC_C_LANGUAGE_STANDARD = gnu11;
				GCC_NO_COMMON_BLOCKS = YES;
				GCC_WARN_64_TO_32_BIT_CONVERSION = YES;
				GCC_WARN_ABOUT_RETURN_TYPE = YES_ERROR;
				GCC_WARN_UNDECLARED_SELECTOR = YES;
				GCC_WARN_UNINITIALIZED_AUTOS = YES_AGGRESSIVE;
				GCC_WARN_UNUSED_FUNCTION = YES;
				GCC_WARN_UNUSED_VARIABLE = YES;
				IPHONEOS_DEPLOYMENT_TARGET = 16.4;
				MTL_ENABLE_DEBUG_INFO = NO;
				MTL_FAST_MATH = YES;
				SDKROOT = iphoneos;
				SWIFT_COMPILATION_MODE = wholemodule;
				SWIFT_OPTIMIZATION_LEVEL = "-O";
				VALIDATE_PRODUCT = YES;
			};
			name = Release;
		};
		0B5C9AD62ACC682B00C51889 /* Debug */ = {
			isa = XCBuildConfiguration;
			buildSettings = {
				ASSETCATALOG_COMPILER_APPICON_NAME = AppIcon;
				ASSETCATALOG_COMPILER_GLOBAL_ACCENT_COLOR_NAME = AccentColor;
				CODE_SIGN_STYLE = Automatic;
				CURRENT_PROJECT_VERSION = 1;
				DEVELOPMENT_ASSET_PATHS = "\"Color Game (iGOATs)/Preview Content\"";
				DEVELOPMENT_TEAM = Y4XZP9L5BA;
				ENABLE_PREVIEWS = YES;
				GENERATE_INFOPLIST_FILE = YES;
				INFOPLIST_KEY_UIApplicationSceneManifest_Generation = YES;
				INFOPLIST_KEY_UIApplicationSupportsIndirectInputEvents = YES;
				INFOPLIST_KEY_UILaunchScreen_Generation = YES;
				INFOPLIST_KEY_UISupportedInterfaceOrientations_iPad = "UIInterfaceOrientationPortrait UIInterfaceOrientationPortraitUpsideDown UIInterfaceOrientationLandscapeLeft UIInterfaceOrientationLandscapeRight";
				INFOPLIST_KEY_UISupportedInterfaceOrientations_iPhone = "UIInterfaceOrientationPortrait UIInterfaceOrientationLandscapeLeft UIInterfaceOrientationLandscapeRight";
				LD_RUNPATH_SEARCH_PATHS = (
					"$(inherited)",
					"@executable_path/Frameworks",
				);
				MARKETING_VERSION = 1.0;
				PRODUCT_BUNDLE_IDENTIFIER = "Dias.Color-Game--iGOATs-";
				PRODUCT_NAME = "$(TARGET_NAME)";
				SWIFT_EMIT_LOC_STRINGS = YES;
				SWIFT_VERSION = 5.0;
				TARGETED_DEVICE_FAMILY = "1,2";
			};
			name = Debug;
		};
		0B5C9AD72ACC682B00C51889 /* Release */ = {
			isa = XCBuildConfiguration;
			buildSettings = {
				ASSETCATALOG_COMPILER_APPICON_NAME = AppIcon;
				ASSETCATALOG_COMPILER_GLOBAL_ACCENT_COLOR_NAME = AccentColor;
				CODE_SIGN_STYLE = Automatic;
				CURRENT_PROJECT_VERSION = 1;
				DEVELOPMENT_ASSET_PATHS = "\"Color Game (iGOATs)/Preview Content\"";
				DEVELOPMENT_TEAM = Y4XZP9L5BA;
				ENABLE_PREVIEWS = YES;
				GENERATE_INFOPLIST_FILE = YES;
				INFOPLIST_KEY_UIApplicationSceneManifest_Generation = YES;
				INFOPLIST_KEY_UIApplicationSupportsIndirectInputEvents = YES;
				INFOPLIST_KEY_UILaunchScreen_Generation = YES;
				INFOPLIST_KEY_UISupportedInterfaceOrientations_iPad = "UIInterfaceOrientationPortrait UIInterfaceOrientationPortraitUpsideDown UIInterfaceOrientationLandscapeLeft UIInterfaceOrientationLandscapeRight";
				INFOPLIST_KEY_UISupportedInterfaceOrientations_iPhone = "UIInterfaceOrientationPortrait UIInterfaceOrientationLandscapeLeft UIInterfaceOrientationLandscapeRight";
				LD_RUNPATH_SEARCH_PATHS = (
					"$(inherited)",
					"@executable_path/Frameworks",
				);
				MARKETING_VERSION = 1.0;
				PRODUCT_BUNDLE_IDENTIFIER = "Dias.Color-Game--iGOATs-";
				PRODUCT_NAME = "$(TARGET_NAME)";
				SWIFT_EMIT_LOC_STRINGS = YES;
				SWIFT_VERSION = 5.0;
				TARGETED_DEVICE_FAMILY = "1,2";
			};
			name = Release;
		};
/* End XCBuildConfiguration section */

/* Begin XCConfigurationList section */
		0B5C9AC22ACC682A00C51889 /* Build configuration list for PBXProject "Color Game (iGOATs)" */ = {
			isa = XCConfigurationList;
			buildConfigurations = (
				0B5C9AD32ACC682B00C51889 /* Debug */,
				0B5C9AD42ACC682B00C51889 /* Release */,
			);
			defaultConfigurationIsVisible = 0;
			defaultConfigurationName = Release;
		};
		0B5C9AD52ACC682B00C51889 /* Build configuration list for PBXNativeTarget "Color Game (iGOATs)" */ = {
			isa = XCConfigurationList;
			buildConfigurations = (
				0B5C9AD62ACC682B00C51889 /* Debug */,
				0B5C9AD72ACC682B00C51889 /* Release */,
			);
			defaultConfigurationIsVisible = 0;
			defaultConfigurationName = Release;
		};
/* End XCConfigurationList section */
	};
	rootObject = 0B5C9ABF2ACC682A00C51889 /* Project object */;
}
