// !$*UTF8*$!
{
	archiveVersion = 1;
	classes = {
	};
	objectVersion = 56;
	objects = {

/* Begin PBXBuildFile section */
		0B5C9ACD2ACC682A00C51889 /* SettingsView.swift in Sources */ = {isa = PBXBuildFile; fileRef = 0B5C9ACC2ACC682A00C51889 /* SettingsView.swift */; };
		0B5C9ACF2ACC682B00C51889 /* Assets.xcassets in Resources */ = {isa = PBXBuildFile; fileRef = 0B5C9ACE2ACC682B00C51889 /* Assets.xcassets */; };
		0B5C9AD22ACC682B00C51889 /* Preview Assets.xcassets in Resources */ = {isa = PBXBuildFile; fileRef = 0B5C9AD12ACC682B00C51889 /* Preview Assets.xcassets */; };
		0B8A1B352AF8F4A600441409 /* AlertItem.swift in Sources */ = {isa = PBXBuildFile; fileRef = 0B8A1B342AF8F4A600441409 /* AlertItem.swift */; };
		0B8C1DC32AF91BC600BE2C60 /* Records.swift in Sources */ = {isa = PBXBuildFile; fileRef = 0B8C1DC22AF91BC600BE2C60 /* Records.swift */; };
		0B9CF56D2AF0DF2F00186FED /* ImagePicker.swift in Sources */ = {isa = PBXBuildFile; fileRef = 0B9CF56C2AF0DF2F00186FED /* ImagePicker.swift */; };
		0BCB827F2AF382BD006D0EB0 /* BackgroundView.swift in Sources */ = {isa = PBXBuildFile; fileRef = 0BCB827E2AF382BD006D0EB0 /* BackgroundView.swift */; };
		0BD284772ADA689E006CCD5E /* AboutProgramView.swift in Sources */ = {isa = PBXBuildFile; fileRef = 0BD284762ADA689E006CCD5E /* AboutProgramView.swift */; };
		0BD284792ADA68BA006CCD5E /* ProfileView.swift in Sources */ = {isa = PBXBuildFile; fileRef = 0BD284782ADA68BA006CCD5E /* ProfileView.swift */; };
		0BE8C2772ADD1C3B005D0F5A /* TabBarView.swift in Sources */ = {isa = PBXBuildFile; fileRef = 0BE8C2762ADD1C3B005D0F5A /* TabBarView.swift */; };
		0BE8C27B2ADD2873005D0F5A /* CustomUI.swift in Sources */ = {isa = PBXBuildFile; fileRef = 0BE8C27A2ADD2873005D0F5A /* CustomUI.swift */; };
		62E01D162AE7B515002494EE /* Styles.swift in Sources */ = {isa = PBXBuildFile; fileRef = 62E01D152AE7B515002494EE /* Styles.swift */; };
		62E01D192AE7B575002494EE /* GameView.swift in Sources */ = {isa = PBXBuildFile; fileRef = 62E01D182AE7B575002494EE /* GameView.swift */; };
		62E01D1B2AE7B5BA002494EE /* GameViewModel.swift in Sources */ = {isa = PBXBuildFile; fileRef = 62E01D1A2AE7B5BA002494EE /* GameViewModel.swift */; };
		62E01D1E2AE7B651002494EE /* ArrayExtension.swift in Sources */ = {isa = PBXBuildFile; fileRef = 62E01D1D2AE7B651002494EE /* ArrayExtension.swift */; };
		62E01D2A2AE7D4C9002494EE /* MainView.swift in Sources */ = {isa = PBXBuildFile; fileRef = 62E01D292AE7D4C9002494EE /* MainView.swift */; };
		62E01D2C2AE7D584002494EE /* ColorExtension.swift in Sources */ = {isa = PBXBuildFile; fileRef = 62E01D2B2AE7D584002494EE /* ColorExtension.swift */; };
		62E01D2F2AE7D61A002494EE /* Route.swift in Sources */ = {isa = PBXBuildFile; fileRef = 62E01D2E2AE7D61A002494EE /* Route.swift */; };
		62E01D322AE7D656002494EE /* Router.swift in Sources */ = {isa = PBXBuildFile; fileRef = 62E01D312AE7D656002494EE /* Router.swift */; };
		62E01D342AEA8D7E002494EE /* AboutProgramViewModel.swift in Sources */ = {isa = PBXBuildFile; fileRef = 62E01D332AEA8D7E002494EE /* AboutProgramViewModel.swift */; };
		62E01D362AEA8DD0002494EE /* ProfileViewModel.swift in Sources */ = {isa = PBXBuildFile; fileRef = 62E01D352AEA8DD0002494EE /* ProfileViewModel.swift */; };
		62E01D382AEA8EF8002494EE /* SettingsViewModel.swift in Sources */ = {isa = PBXBuildFile; fileRef = 62E01D372AEA8EF8002494EE /* SettingsViewModel.swift */; };
		62E01D3A2AEA8FDB002494EE /* AboutProgramAssembly.swift in Sources */ = {isa = PBXBuildFile; fileRef = 62E01D392AEA8FDB002494EE /* AboutProgramAssembly.swift */; };
		62E01D3C2AEA901A002494EE /* SettingsAssembly.swift in Sources */ = {isa = PBXBuildFile; fileRef = 62E01D3B2AEA901A002494EE /* SettingsAssembly.swift */; };
		62E01D3E2AEA910E002494EE /* ProfileAssembly.swift in Sources */ = {isa = PBXBuildFile; fileRef = 62E01D3D2AEA910E002494EE /* ProfileAssembly.swift */; };
		62E01D402AEA930B002494EE /* GameAssembly.swift in Sources */ = {isa = PBXBuildFile; fileRef = 62E01D3F2AEA930B002494EE /* GameAssembly.swift */; };
		62E01D422AEA9557002494EE /* TabBarViewModel.swift in Sources */ = {isa = PBXBuildFile; fileRef = 62E01D412AEA9557002494EE /* TabBarViewModel.swift */; };
		62E01D442AEA9598002494EE /* TabBarAssembly.swift in Sources */ = {isa = PBXBuildFile; fileRef = 62E01D432AEA9598002494EE /* TabBarAssembly.swift */; };
		62E01D4A2AEABA0F002494EE /* Enums.swift in Sources */ = {isa = PBXBuildFile; fileRef = 62E01D492AEABA0F002494EE /* Enums.swift */; };
		62E01D4C2AEAC671002494EE /* CaseIterable+previous+next.swift in Sources */ = {isa = PBXBuildFile; fileRef = 62E01D4B2AEAC671002494EE /* CaseIterable+previous+next.swift */; };
/* End PBXBuildFile section */

/* Begin PBXFileReference section */
		0B5C9AC72ACC682A00C51889 /* Color Game (iGOATs).app */ = {isa = PBXFileReference; explicitFileType = wrapper.application; includeInIndex = 0; path = "Color Game (iGOATs).app"; sourceTree = BUILT_PRODUCTS_DIR; };
		0B5C9ACC2ACC682A00C51889 /* SettingsView.swift */ = {isa = PBXFileReference; lastKnownFileType = sourcecode.swift; path = SettingsView.swift; sourceTree = "<group>"; };
		0B5C9ACE2ACC682B00C51889 /* Assets.xcassets */ = {isa = PBXFileReference; lastKnownFileType = folder.assetcatalog; path = Assets.xcassets; sourceTree = "<group>"; };
		0B5C9AD12ACC682B00C51889 /* Preview Assets.xcassets */ = {isa = PBXFileReference; lastKnownFileType = folder.assetcatalog; path = "Preview Assets.xcassets"; sourceTree = "<group>"; };
		0B8A1B342AF8F4A600441409 /* AlertItem.swift */ = {isa = PBXFileReference; lastKnownFileType = sourcecode.swift; path = AlertItem.swift; sourceTree = "<group>"; };
		0B8C1DC22AF91BC600BE2C60 /* Records.swift */ = {isa = PBXFileReference; lastKnownFileType = sourcecode.swift; path = Records.swift; sourceTree = "<group>"; };
		0B9CF56C2AF0DF2F00186FED /* ImagePicker.swift */ = {isa = PBXFileReference; lastKnownFileType = sourcecode.swift; path = ImagePicker.swift; sourceTree = "<group>"; };
		0BCB827E2AF382BD006D0EB0 /* BackgroundView.swift */ = {isa = PBXFileReference; lastKnownFileType = sourcecode.swift; path = BackgroundView.swift; sourceTree = "<group>"; };
		0BD284762ADA689E006CCD5E /* AboutProgramView.swift */ = {isa = PBXFileReference; lastKnownFileType = sourcecode.swift; path = AboutProgramView.swift; sourceTree = "<group>"; };
		0BD284782ADA68BA006CCD5E /* ProfileView.swift */ = {isa = PBXFileReference; lastKnownFileType = sourcecode.swift; path = ProfileView.swift; sourceTree = "<group>"; };
		0BE8C2762ADD1C3B005D0F5A /* TabBarView.swift */ = {isa = PBXFileReference; lastKnownFileType = sourcecode.swift; path = TabBarView.swift; sourceTree = "<group>"; };
		0BE8C27A2ADD2873005D0F5A /* CustomUI.swift */ = {isa = PBXFileReference; lastKnownFileType = sourcecode.swift; path = CustomUI.swift; sourceTree = "<group>"; };
		62E01D152AE7B515002494EE /* Styles.swift */ = {isa = PBXFileReference; lastKnownFileType = sourcecode.swift; path = Styles.swift; sourceTree = "<group>"; };
		62E01D182AE7B575002494EE /* GameView.swift */ = {isa = PBXFileReference; lastKnownFileType = sourcecode.swift; path = GameView.swift; sourceTree = "<group>"; };
		62E01D1A2AE7B5BA002494EE /* GameViewModel.swift */ = {isa = PBXFileReference; lastKnownFileType = sourcecode.swift; path = GameViewModel.swift; sourceTree = "<group>"; };
		62E01D1D2AE7B651002494EE /* ArrayExtension.swift */ = {isa = PBXFileReference; lastKnownFileType = sourcecode.swift; path = ArrayExtension.swift; sourceTree = "<group>"; };
		62E01D292AE7D4C9002494EE /* MainView.swift */ = {isa = PBXFileReference; lastKnownFileType = sourcecode.swift; path = MainView.swift; sourceTree = "<group>"; };
		62E01D2B2AE7D584002494EE /* ColorExtension.swift */ = {isa = PBXFileReference; lastKnownFileType = sourcecode.swift; path = ColorExtension.swift; sourceTree = "<group>"; };
		62E01D2E2AE7D61A002494EE /* Route.swift */ = {isa = PBXFileReference; lastKnownFileType = sourcecode.swift; path = Route.swift; sourceTree = "<group>"; };
		62E01D312AE7D656002494EE /* Router.swift */ = {isa = PBXFileReference; lastKnownFileType = sourcecode.swift; path = Router.swift; sourceTree = "<group>"; };
		62E01D332AEA8D7E002494EE /* AboutProgramViewModel.swift */ = {isa = PBXFileReference; lastKnownFileType = sourcecode.swift; path = AboutProgramViewModel.swift; sourceTree = "<group>"; };
		62E01D352AEA8DD0002494EE /* ProfileViewModel.swift */ = {isa = PBXFileReference; lastKnownFileType = sourcecode.swift; path = ProfileViewModel.swift; sourceTree = "<group>"; };
		62E01D372AEA8EF8002494EE /* SettingsViewModel.swift */ = {isa = PBXFileReference; lastKnownFileType = sourcecode.swift; path = SettingsViewModel.swift; sourceTree = "<group>"; };
		62E01D392AEA8FDB002494EE /* AboutProgramAssembly.swift */ = {isa = PBXFileReference; lastKnownFileType = sourcecode.swift; path = AboutProgramAssembly.swift; sourceTree = "<group>"; };
		62E01D3B2AEA901A002494EE /* SettingsAssembly.swift */ = {isa = PBXFileReference; lastKnownFileType = sourcecode.swift; path = SettingsAssembly.swift; sourceTree = "<group>"; };
		62E01D3D2AEA910E002494EE /* ProfileAssembly.swift */ = {isa = PBXFileReference; lastKnownFileType = sourcecode.swift; path = ProfileAssembly.swift; sourceTree = "<group>"; };
		62E01D3F2AEA930B002494EE /* GameAssembly.swift */ = {isa = PBXFileReference; lastKnownFileType = sourcecode.swift; path = GameAssembly.swift; sourceTree = "<group>"; };
		62E01D412AEA9557002494EE /* TabBarViewModel.swift */ = {isa = PBXFileReference; lastKnownFileType = sourcecode.swift; path = TabBarViewModel.swift; sourceTree = "<group>"; };
		62E01D432AEA9598002494EE /* TabBarAssembly.swift */ = {isa = PBXFileReference; lastKnownFileType = sourcecode.swift; path = TabBarAssembly.swift; sourceTree = "<group>"; };
		62E01D492AEABA0F002494EE /* Enums.swift */ = {isa = PBXFileReference; lastKnownFileType = sourcecode.swift; path = Enums.swift; sourceTree = "<group>"; };
		62E01D4B2AEAC671002494EE /* CaseIterable+previous+next.swift */ = {isa = PBXFileReference; lastKnownFileType = sourcecode.swift; path = "CaseIterable+previous+next.swift"; sourceTree = "<group>"; };
/* End PBXFileReference section */

/* Begin PBXFrameworksBuildPhase section */
		0B5C9AC42ACC682A00C51889 /* Frameworks */ = {
			isa = PBXFrameworksBuildPhase;
			buildActionMask = 2147483647;
			files = (
			);
			runOnlyForDeploymentPostprocessing = 0;
		};
/* End PBXFrameworksBuildPhase section */

/* Begin PBXGroup section */
		0B5C9ABE2ACC682A00C51889 = {
			isa = PBXGroup;
			children = (
				0B5C9AC92ACC682A00C51889 /* Color Game (iGOATs) */,
				0B5C9AC82ACC682A00C51889 /* Products */,
			);
			sourceTree = "<group>";
		};
		0B5C9AC82ACC682A00C51889 /* Products */ = {
			isa = PBXGroup;
			children = (
				0B5C9AC72ACC682A00C51889 /* Color Game (iGOATs).app */,
			);
			name = Products;
			sourceTree = "<group>";
		};
		0B5C9AC92ACC682A00C51889 /* Color Game (iGOATs) */ = {
			isa = PBXGroup;
			children = (
				62E01D482AEAB9E8002494EE /* Globals */,
				62E01D2D2AE7D5FB002494EE /* Rooting */,
				62E01D1F2AE7D112002494EE /* App */,
				62E01D232AE7D216002494EE /* Screens */,
				62E01D142AE7B43E002494EE /* Styles */,
				0B5C9AD02ACC682B00C51889 /* Preview Content */,
			);
			path = "Color Game (iGOATs)";
			sourceTree = "<group>";
		};
		0B5C9AD02ACC682B00C51889 /* Preview Content */ = {
			isa = PBXGroup;
			children = (
				0B5C9ACE2ACC682B00C51889 /* Assets.xcassets */,
				0B5C9AD12ACC682B00C51889 /* Preview Assets.xcassets */,
			);
			path = "Preview Content";
			sourceTree = "<group>";
		};
		62E01D142AE7B43E002494EE /* Styles */ = {
			isa = PBXGroup;
			children = (
				0BCB827E2AF382BD006D0EB0 /* BackgroundView.swift */,
				62E01D152AE7B515002494EE /* Styles.swift */,
				0BE8C27A2ADD2873005D0F5A /* CustomUI.swift */,
			);
			path = Styles;
			sourceTree = "<group>";
		};
		62E01D1C2AE7B5FE002494EE /* Extensions */ = {
			isa = PBXGroup;
			children = (
				62E01D1D2AE7B651002494EE /* ArrayExtension.swift */,
				62E01D2B2AE7D584002494EE /* ColorExtension.swift */,
				62E01D4B2AEAC671002494EE /* CaseIterable+previous+next.swift */,
			);
			path = Extensions;
			sourceTree = "<group>";
		};
		62E01D1F2AE7D112002494EE /* App */ = {
			isa = PBXGroup;
			children = (
				62E01D292AE7D4C9002494EE /* MainView.swift */,
			);
			path = App;
			sourceTree = "<group>";
		};
		62E01D232AE7D216002494EE /* Screens */ = {
			isa = PBXGroup;
			children = (
				62E01D282AE7D39C002494EE /* AboutProgramView */,
				62E01D272AE7D348002494EE /* SettingsView */,
				62E01D262AE7D330002494EE /* ProfileView */,
				62E01D252AE7D316002494EE /* TabBarView */,
				62E01D242AE7D2F5002494EE /* GameView */,
			);
			path = Screens;
			sourceTree = "<group>";
		};
		62E01D242AE7D2F5002494EE /* GameView */ = {
			isa = PBXGroup;
			children = (
				62E01D182AE7B575002494EE /* GameView.swift */,
				62E01D1A2AE7B5BA002494EE /* GameViewModel.swift */,
				62E01D3F2AEA930B002494EE /* GameAssembly.swift */,
				0B8A1B342AF8F4A600441409 /* AlertItem.swift */,
			);
			path = GameView;
			sourceTree = "<group>";
		};
		62E01D252AE7D316002494EE /* TabBarView */ = {
			isa = PBXGroup;
			children = (
				0BE8C2762ADD1C3B005D0F5A /* TabBarView.swift */,
				62E01D412AEA9557002494EE /* TabBarViewModel.swift */,
				62E01D432AEA9598002494EE /* TabBarAssembly.swift */,
			);
			path = TabBarView;
			sourceTree = "<group>";
		};
		62E01D262AE7D330002494EE /* ProfileView */ = {
			isa = PBXGroup;
			children = (
				0BD284782ADA68BA006CCD5E /* ProfileView.swift */,
				62E01D352AEA8DD0002494EE /* ProfileViewModel.swift */,
				62E01D3D2AEA910E002494EE /* ProfileAssembly.swift */,
				0B9CF56C2AF0DF2F00186FED /* ImagePicker.swift */,
				0B8C1DC22AF91BC600BE2C60 /* Records.swift */,
			);
			path = ProfileView;
			sourceTree = "<group>";
		};
		62E01D272AE7D348002494EE /* SettingsView */ = {
			isa = PBXGroup;
			children = (
				0B5C9ACC2ACC682A00C51889 /* SettingsView.swift */,
				62E01D372AEA8EF8002494EE /* SettingsViewModel.swift */,
				62E01D3B2AEA901A002494EE /* SettingsAssembly.swift */,
			);
			path = SettingsView;
			sourceTree = "<group>";
		};
		62E01D282AE7D39C002494EE /* AboutProgramView */ = {
			isa = PBXGroup;
			children = (
				0BD284762ADA689E006CCD5E /* AboutProgramView.swift */,
				62E01D332AEA8D7E002494EE /* AboutProgramViewModel.swift */,
				62E01D392AEA8FDB002494EE /* AboutProgramAssembly.swift */,
			);
			path = AboutProgramView;
			sourceTree = "<group>";
		};
		62E01D2D2AE7D5FB002494EE /* Rooting */ = {
			isa = PBXGroup;
			children = (
				62E01D2E2AE7D61A002494EE /* Route.swift */,
				62E01D312AE7D656002494EE /* Router.swift */,
			);
			path = Rooting;
			sourceTree = "<group>";
		};
		62E01D482AEAB9E8002494EE /* Globals */ = {
			isa = PBXGroup;
			children = (
				62E01D1C2AE7B5FE002494EE /* Extensions */,
				62E01D492AEABA0F002494EE /* Enums.swift */,
			);
			path = Globals;
			sourceTree = "<group>";
		};
/* End PBXGroup section */

/* Begin PBXNativeTarget section */
		0B5C9AC62ACC682A00C51889 /* Color Game (iGOATs) */ = {
			isa = PBXNativeTarget;
			buildConfigurationList = 0B5C9AD52ACC682B00C51889 /* Build configuration list for PBXNativeTarget "Color Game (iGOATs)" */;
			buildPhases = (
				0B5C9AC32ACC682A00C51889 /* Sources */,
				0B5C9AC42ACC682A00C51889 /* Frameworks */,
				0B5C9AC52ACC682A00C51889 /* Resources */,
			);
			buildRules = (
			);
			dependencies = (
			);
			name = "Color Game (iGOATs)";
			productName = "Color Game (iGOATs)";
			productReference = 0B5C9AC72ACC682A00C51889 /* Color Game (iGOATs).app */;
			productType = "com.apple.product-type.application";
		};
/* End PBXNativeTarget section */

/* Begin PBXProject section */
		0B5C9ABF2ACC682A00C51889 /* Project object */ = {
			isa = PBXProject;
			attributes = {
				BuildIndependentTargetsInParallel = 1;
				LastSwiftUpdateCheck = 1430;
				LastUpgradeCheck = 1500;
				TargetAttributes = {
					0B5C9AC62ACC682A00C51889 = {
						CreatedOnToolsVersion = 14.3;
					};
				};
			};
			buildConfigurationList = 0B5C9AC22ACC682A00C51889 /* Build configuration list for PBXProject "Color Game (iGOATs)" */;
			compatibilityVersion = "Xcode 14.0";
			developmentRegion = en;
			hasScannedForEncodings = 0;
			knownRegions = (
				en,
				Base,
			);
			mainGroup = 0B5C9ABE2ACC682A00C51889;
			productRefGroup = 0B5C9AC82ACC682A00C51889 /* Products */;
			projectDirPath = "";
			projectRoot = "";
			targets = (
				0B5C9AC62ACC682A00C51889 /* Color Game (iGOATs) */,
			);
		};
/* End PBXProject section */

/* Begin PBXResourcesBuildPhase section */
		0B5C9AC52ACC682A00C51889 /* Resources */ = {
			isa = PBXResourcesBuildPhase;
			buildActionMask = 2147483647;
			files = (
				0B5C9AD22ACC682B00C51889 /* Preview Assets.xcassets in Resources */,
				0B5C9ACF2ACC682B00C51889 /* Assets.xcassets in Resources */,
			);
			runOnlyForDeploymentPostprocessing = 0;
		};
/* End PBXResourcesBuildPhase section */

/* Begin PBXSourcesBuildPhase section */
		0B5C9AC32ACC682A00C51889 /* Sources */ = {
			isa = PBXSourcesBuildPhase;
			buildActionMask = 2147483647;
			files = (
				62E01D422AEA9557002494EE /* TabBarViewModel.swift in Sources */,
				62E01D442AEA9598002494EE /* TabBarAssembly.swift in Sources */,
				0BCB827F2AF382BD006D0EB0 /* BackgroundView.swift in Sources */,
				0B9CF56D2AF0DF2F00186FED /* ImagePicker.swift in Sources */,
				0BE8C2772ADD1C3B005D0F5A /* TabBarView.swift in Sources */,
				62E01D162AE7B515002494EE /* Styles.swift in Sources */,
				62E01D1B2AE7B5BA002494EE /* GameViewModel.swift in Sources */,
				0B8A1B352AF8F4A600441409 /* AlertItem.swift in Sources */,
				62E01D2C2AE7D584002494EE /* ColorExtension.swift in Sources */,
				62E01D3C2AEA901A002494EE /* SettingsAssembly.swift in Sources */,
				62E01D3E2AEA910E002494EE /* ProfileAssembly.swift in Sources */,
				62E01D2F2AE7D61A002494EE /* Route.swift in Sources */,
				0BD284772ADA689E006CCD5E /* AboutProgramView.swift in Sources */,
				62E01D3A2AEA8FDB002494EE /* AboutProgramAssembly.swift in Sources */,
				62E01D4C2AEAC671002494EE /* CaseIterable+previous+next.swift in Sources */,
				0BD284792ADA68BA006CCD5E /* ProfileView.swift in Sources */,
				62E01D1E2AE7B651002494EE /* ArrayExtension.swift in Sources */,
				62E01D382AEA8EF8002494EE /* SettingsViewModel.swift in Sources */,
				0B5C9ACD2ACC682A00C51889 /* SettingsView.swift in Sources */,
				62E01D2A2AE7D4C9002494EE /* MainView.swift in Sources */,
				62E01D402AEA930B002494EE /* GameAssembly.swift in Sources */,
				62E01D322AE7D656002494EE /* Router.swift in Sources */,
				0B8C1DC32AF91BC600BE2C60 /* Records.swift in Sources */,
				0BE8C27B2ADD2873005D0F5A /* CustomUI.swift in Sources */,
				62E01D342AEA8D7E002494EE /* AboutProgramViewModel.swift in Sources */,
				62E01D192AE7B575002494EE /* GameView.swift in Sources */,
				62E01D362AEA8DD0002494EE /* ProfileViewModel.swift in Sources */,
				62E01D4A2AEABA0F002494EE /* Enums.swift in Sources */,
			);
			runOnlyForDeploymentPostprocessing = 0;
		};
/* End PBXSourcesBuildPhase section */

/* Begin XCBuildConfiguration section */
		0B5C9AD32ACC682B00C51889 /* Debug */ = {
			isa = XCBuildConfiguration;
			buildSettings = {
				ALWAYS_SEARCH_USER_PATHS = NO;
				CLANG_ANALYZER_NONNULL = YES;
				CLANG_ANALYZER_NUMBER_OBJECT_CONVERSION = YES_AGGRESSIVE;
				CLANG_CXX_LANGUAGE_STANDARD = "gnu++20";
				CLANG_ENABLE_MODULES = YES;
				CLANG_ENABLE_OBJC_ARC = YES;
				CLANG_ENABLE_OBJC_WEAK = YES;
				CLANG_WARN_BLOCK_CAPTURE_AUTORELEASING = YES;
				CLANG_WARN_BOOL_CONVERSION = YES;
				CLANG_WARN_COMMA = YES;
				CLANG_WARN_CONSTANT_CONVERSION = YES;
				CLANG_WARN_DEPRECATED_OBJC_IMPLEMENTATIONS = YES;
				CLANG_WARN_DIRECT_OBJC_ISA_USAGE = YES_ERROR;
				CLANG_WARN_DOCUMENTATION_COMMENTS = YES;
				CLANG_WARN_EMPTY_BODY = YES;
				CLANG_WARN_ENUM_CONVERSION = YES;
				CLANG_WARN_INFINITE_RECURSION = YES;
				CLANG_WARN_INT_CONVERSION = YES;
				CLANG_WARN_NON_LITERAL_NULL_CONVERSION = YES;
				CLANG_WARN_OBJC_IMPLICIT_RETAIN_SELF = YES;
				CLANG_WARN_OBJC_LITERAL_CONVERSION = YES;
				CLANG_WARN_OBJC_ROOT_CLASS = YES_ERROR;
				CLANG_WARN_QUOTED_INCLUDE_IN_FRAMEWORK_HEADER = YES;
				CLANG_WARN_RANGE_LOOP_ANALYSIS = YES;
				CLANG_WARN_STRICT_PROTOTYPES = YES;
				CLANG_WARN_SUSPICIOUS_MOVE = YES;
				CLANG_WARN_UNGUARDED_AVAILABILITY = YES_AGGRESSIVE;
				CLANG_WARN_UNREACHABLE_CODE = YES;
				CLANG_WARN__DUPLICATE_METHOD_MATCH = YES;
				COPY_PHASE_STRIP = NO;
				DEBUG_INFORMATION_FORMAT = dwarf;
				ENABLE_STRICT_OBJC_MSGSEND = YES;
				ENABLE_TESTABILITY = YES;
				ENABLE_USER_SCRIPT_SANDBOXING = YES;
				GCC_C_LANGUAGE_STANDARD = gnu11;
				GCC_DYNAMIC_NO_PIC = NO;
				GCC_NO_COMMON_BLOCKS = YES;
				GCC_OPTIMIZATION_LEVEL = 0;
				GCC_PREPROCESSOR_DEFINITIONS = (
					"DEBUG=1",
					"$(inherited)",
				);
				GCC_WARN_64_TO_32_BIT_CONVERSION = YES;
				GCC_WARN_ABOUT_RETURN_TYPE = YES_ERROR;
				GCC_WARN_UNDECLARED_SELECTOR = YES;
				GCC_WARN_UNINITIALIZED_AUTOS = YES_AGGRESSIVE;
				GCC_WARN_UNUSED_FUNCTION = YES;
				GCC_WARN_UNUSED_VARIABLE = YES;
				IPHONEOS_DEPLOYMENT_TARGET = 16.4;
				MTL_ENABLE_DEBUG_INFO = INCLUDE_SOURCE;
				MTL_FAST_MATH = YES;
				ONLY_ACTIVE_ARCH = YES;
				SDKROOT = iphoneos;
				SWIFT_ACTIVE_COMPILATION_CONDITIONS = DEBUG;
				SWIFT_OPTIMIZATION_LEVEL = "-Onone";
			};
			name = Debug;
		};
		0B5C9AD42ACC682B00C51889 /* Release */ = {
			isa = XCBuildConfiguration;
			buildSettings = {
				ALWAYS_SEARCH_USER_PATHS = NO;
				CLANG_ANALYZER_NONNULL = YES;
				CLANG_ANALYZER_NUMBER_OBJECT_CONVERSION = YES_AGGRESSIVE;
				CLANG_CXX_LANGUAGE_STANDARD = "gnu++20";
				CLANG_ENABLE_MODULES = YES;
				CLANG_ENABLE_OBJC_ARC = YES;
				CLANG_ENABLE_OBJC_WEAK = YES;
				CLANG_WARN_BLOCK_CAPTURE_AUTORELEASING = YES;
				CLANG_WARN_BOOL_CONVERSION = YES;
				CLANG_WARN_COMMA = YES;
				CLANG_WARN_CONSTANT_CONVERSION = YES;
				CLANG_WARN_DEPRECATED_OBJC_IMPLEMENTATIONS = YES;
				CLANG_WARN_DIRECT_OBJC_ISA_USAGE = YES_ERROR;
				CLANG_WARN_DOCUMENTATION_COMMENTS = YES;
				CLANG_WARN_EMPTY_BODY = YES;
				CLANG_WARN_ENUM_CONVERSION = YES;
				CLANG_WARN_INFINITE_RECURSION = YES;
				CLANG_WARN_INT_CONVERSION = YES;
				CLANG_WARN_NON_LITERAL_NULL_CONVERSION = YES;
				CLANG_WARN_OBJC_IMPLICIT_RETAIN_SELF = YES;
				CLANG_WARN_OBJC_LITERAL_CONVERSION = YES;
				CLANG_WARN_OBJC_ROOT_CLASS = YES_ERROR;
				CLANG_WARN_QUOTED_INCLUDE_IN_FRAMEWORK_HEADER = YES;
				CLANG_WARN_RANGE_LOOP_ANALYSIS = YES;
				CLANG_WARN_STRICT_PROTOTYPES = YES;
				CLANG_WARN_SUSPICIOUS_MOVE = YES;
				CLANG_WARN_UNGUARDED_AVAILABILITY = YES_AGGRESSIVE;
				CLANG_WARN_UNREACHABLE_CODE = YES;
				CLANG_WARN__DUPLICATE_METHOD_MATCH = YES;
				COPY_PHASE_STRIP = NO;
				DEBUG_INFORMATION_FORMAT = "dwarf-with-dsym";
				ENABLE_NS_ASSERTIONS = NO;
				ENABLE_STRICT_OBJC_MSGSEND = YES;
				ENABLE_USER_SCRIPT_SANDBOXING = YES;
				GCC_C_LANGUAGE_STANDARD = gnu11;
				GCC_NO_COMMON_BLOCKS = YES;
				GCC_WARN_64_TO_32_BIT_CONVERSION = YES;
				GCC_WARN_ABOUT_RETURN_TYPE = YES_ERROR;
				GCC_WARN_UNDECLARED_SELECTOR = YES;
				GCC_WARN_UNINITIALIZED_AUTOS = YES_AGGRESSIVE;
				GCC_WARN_UNUSED_FUNCTION = YES;
				GCC_WARN_UNUSED_VARIABLE = YES;
				IPHONEOS_DEPLOYMENT_TARGET = 16.4;
				MTL_ENABLE_DEBUG_INFO = NO;
				MTL_FAST_MATH = YES;
				SDKROOT = iphoneos;
				SWIFT_COMPILATION_MODE = wholemodule;
				SWIFT_OPTIMIZATION_LEVEL = "-O";
				VALIDATE_PRODUCT = YES;
			};
			name = Release;
		};
		0B5C9AD62ACC682B00C51889 /* Debug */ = {
			isa = XCBuildConfiguration;
			buildSettings = {
				ASSETCATALOG_COMPILER_APPICON_NAME = AppIcon;
				ASSETCATALOG_COMPILER_GLOBAL_ACCENT_COLOR_NAME = AccentColor;
				CODE_SIGN_STYLE = Automatic;
				CURRENT_PROJECT_VERSION = 1;
				DEVELOPMENT_ASSET_PATHS = "\"Color Game (iGOATs)/Preview Content\"";
				DEVELOPMENT_TEAM = Y4XZP9L5BA;
				ENABLE_PREVIEWS = YES;
				GENERATE_INFOPLIST_FILE = YES;
				INFOPLIST_KEY_NSPhotoLibraryUsageDescription = "";
				INFOPLIST_KEY_UIApplicationSceneManifest_Generation = YES;
				INFOPLIST_KEY_UIApplicationSupportsIndirectInputEvents = YES;
				INFOPLIST_KEY_UILaunchScreen_Generation = YES;
				INFOPLIST_KEY_UISupportedInterfaceOrientations_iPad = "UIInterfaceOrientationPortrait UIInterfaceOrientationPortraitUpsideDown UIInterfaceOrientationLandscapeLeft UIInterfaceOrientationLandscapeRight";
				INFOPLIST_KEY_UISupportedInterfaceOrientations_iPhone = "UIInterfaceOrientationPortrait UIInterfaceOrientationLandscapeLeft UIInterfaceOrientationLandscapeRight";
				LD_RUNPATH_SEARCH_PATHS = (
					"$(inherited)",
					"@executable_path/Frameworks",
				);
				MARKETING_VERSION = 1.0;
				PRODUCT_BUNDLE_IDENTIFIER = "iGOATs-bundle";
				PRODUCT_NAME = "$(TARGET_NAME)";
				SWIFT_EMIT_LOC_STRINGS = YES;
				SWIFT_VERSION = 5.0;
				TARGETED_DEVICE_FAMILY = "1,2";
			};
			name = Debug;
		};
		0B5C9AD72ACC682B00C51889 /* Release */ = {
			isa = XCBuildConfiguration;
			buildSettings = {
				ASSETCATALOG_COMPILER_APPICON_NAME = AppIcon;
				ASSETCATALOG_COMPILER_GLOBAL_ACCENT_COLOR_NAME = AccentColor;
				CODE_SIGN_STYLE = Automatic;
				CURRENT_PROJECT_VERSION = 1;
				DEVELOPMENT_ASSET_PATHS = "\"Color Game (iGOATs)/Preview Content\"";
				DEVELOPMENT_TEAM = Y4XZP9L5BA;
				ENABLE_PREVIEWS = YES;
				GENERATE_INFOPLIST_FILE = YES;
				INFOPLIST_KEY_NSPhotoLibraryUsageDescription = "";
				INFOPLIST_KEY_UIApplicationSceneManifest_Generation = YES;
				INFOPLIST_KEY_UIApplicationSupportsIndirectInputEvents = YES;
				INFOPLIST_KEY_UILaunchScreen_Generation = YES;
				INFOPLIST_KEY_UISupportedInterfaceOrientations_iPad = "UIInterfaceOrientationPortrait UIInterfaceOrientationPortraitUpsideDown UIInterfaceOrientationLandscapeLeft UIInterfaceOrientationLandscapeRight";
				INFOPLIST_KEY_UISupportedInterfaceOrientations_iPhone = "UIInterfaceOrientationPortrait UIInterfaceOrientationLandscapeLeft UIInterfaceOrientationLandscapeRight";
				LD_RUNPATH_SEARCH_PATHS = (
					"$(inherited)",
					"@executable_path/Frameworks",
				);
				MARKETING_VERSION = 1.0;
				PRODUCT_BUNDLE_IDENTIFIER = "iGOATs-bundle";
				PRODUCT_NAME = "$(TARGET_NAME)";
				SWIFT_EMIT_LOC_STRINGS = YES;
				SWIFT_VERSION = 5.0;
				TARGETED_DEVICE_FAMILY = "1,2";
			};
			name = Release;
		};
/* End XCBuildConfiguration section */

/* Begin XCConfigurationList section */
		0B5C9AC22ACC682A00C51889 /* Build configuration list for PBXProject "Color Game (iGOATs)" */ = {
			isa = XCConfigurationList;
			buildConfigurations = (
				0B5C9AD32ACC682B00C51889 /* Debug */,
				0B5C9AD42ACC682B00C51889 /* Release */,
			);
			defaultConfigurationIsVisible = 0;
			defaultConfigurationName = Release;
		};
		0B5C9AD52ACC682B00C51889 /* Build configuration list for PBXNativeTarget "Color Game (iGOATs)" */ = {
			isa = XCConfigurationList;
			buildConfigurations = (
				0B5C9AD62ACC682B00C51889 /* Debug */,
				0B5C9AD72ACC682B00C51889 /* Release */,
			);
			defaultConfigurationIsVisible = 0;
			defaultConfigurationName = Release;
		};
/* End XCConfigurationList section */
	};
	rootObject = 0B5C9ABF2ACC682A00C51889 /* Project object */;
}
